github.com/nobonobo/spago v0.0.0-20200810010418-988992b52972 h1:FJWXpuMEuUYf8Q+uCjWry3gW3U/pjd1LJX5Qol6Eg9w=
github.com/nobonobo/spago v0.0.0-20200810010418-988992b52972/go.mod h1:ZPTMMKJfVDzBgEgWIalYx9DxMYbux4Vw4rE/nWy7xBw=
github.com/nobonobo/spago v0.0.0-20200904054155-b5f94a2527e9 h1:c0JuOjEKh8umza2yGOGvQTwe6rCtvsBA69Ia/c9ad3w=
github.com/nobonobo/spago v0.0.0-20200904054155-b5f94a2527e9/go.mod h1:ZPTMMKJfVDzBgEgWIalYx9DxMYbux4Vw4rE/nWy7xBw=
